{
  "nodes": {
    "dotfiles": {
      "flake": false,
      "locked": {
        "lastModified": 1787516735,
        "narHash": "sha256-Z4HLHL8nhoY/C/AzMmb/dwfYpSPamXgoDOr2ZIXDcro=",
        "owner": "trevarj",
        "repo": "dotfiles",
        "rev": "9cb5fe88ebb14de71c0bc79d9adc6a37246387f8",
        "type": "github"
      },
      "original": {
        "owner": "trevarj",
        "repo": "dotfiles",
        "type": "github"
      }
    },
    "nixpkgs": {
      "locked": {
        "lastModified": 1787101114,
        "narHash": "sha256-gwrPcFf/rDjHPaVflbDZ040ZDmBTRj/7+s8ZmE2SaIM=",
        "owner": "NixOS",
        "repo": "nixpkgs",
        "rev": "b18a4b905f8d028dc4476412e6d6891728695379",
        "type": "github"
      },
      "original": {
        "owner": "NixOS",
        "ref": "nixos-26.05",
        "repo": "nixpkgs",
        "type": "github"
      }
    },
    "root": {
      "inputs": {
        "dotfiles": "dotfiles",
        "nixpkgs": "nixpkgs"
      }
    }
  },
  "root": "root",
  "version": 7
}
