{
  "nodes": {
    "dotfiles": {
      "flake": false,
      "locked": {
        "lastModified": 1787986390,
        "narHash": "sha256-9t+k3z3H8CqVEA/rtopXVy47doPMcLnmDsQz+GFK8+A=",
        "owner": "trevarj",
        "repo": "dotfiles",
        "rev": "7404ddc46b185627f8c5902d9fd483f8879c0c3f",
        "type": "github"
      },
      "original": {
        "owner": "trevarj",
        "repo": "dotfiles",
        "type": "github"
      }
    },
    "nixpkgs": {
      "locked": {
        "lastModified": 1787101114,
        "narHash": "sha256-gwrPcFf/rDjHPaVflbDZ040ZDmBTRj/7+s8ZmE2SaIM=",
        "owner": "NixOS",
        "repo": "nixpkgs",
        "rev": "b18a4b905f8d028dc4476412e6d6891728695379",
        "type": "github"
      },
      "original": {
        "owner": "NixOS",
        "ref": "nixos-26.05",
        "repo": "nixpkgs",
        "type": "github"
      }
    },
    "root": {
      "inputs": {
        "dotfiles": "dotfiles",
        "nixpkgs": "nixpkgs"
      }
    }
  },
  "root": "root",
  "version": 7
}
